# THIS IS AN AUTOGENERATED FILE. DO NOT EDIT THIS FILE DIRECTLY.
# yarn lockfile v1


"@esbuild/android-arm64@0.17.12":
  version "0.17.12"
  resolved "https://registry.yarnpkg.com/@esbuild/android-arm64/-/android-arm64-0.17.12.tgz#15a8e2b407d03989b899e325151dc2e96d19c620"
  integrity sha512-WQ9p5oiXXYJ33F2EkE3r0FRDFVpEdcDiwNX3u7Xaibxfx6vQE0Sb8ytrfQsA5WO6kDn6mDfKLh6KrPBjvkk7xA==

"@esbuild/android-arm@0.17.12":
  version "0.17.12"
  resolved "https://registry.yarnpkg.com/@esbuild/android-arm/-/android-arm-0.17.12.tgz#677a09297e1f4f37aba7b4fc4f31088b00484985"
  integrity sha512-E/sgkvwoIfj4aMAPL2e35VnUJspzVYl7+M1B2cqeubdBhADV4uPon0KCc8p2G+LqSJ6i8ocYPCqY3A4GGq0zkQ==

"@esbuild/android-x64@0.17.12":
  version "0.17.12"
  resolved "https://registry.yarnpkg.com/@esbuild/android-x64/-/android-x64-0.17.12.tgz#b292729eef4e0060ae1941f6a021c4d2542a3521"
  integrity sha512-m4OsaCr5gT+se25rFPHKQXARMyAehHTQAz4XX1Vk3d27VtqiX0ALMBPoXZsGaB6JYryCLfgGwUslMqTfqeLU0w==

"@esbuild/darwin-arm64@0.17.12":
  version "0.17.12"
  resolved "https://registry.yarnpkg.com/@esbuild/darwin-arm64/-/darwin-arm64-0.17.12.tgz#efa35318df931da05825894e1787b976d55adbe3"
  integrity sha512-O3GCZghRIx+RAN0NDPhyyhRgwa19MoKlzGonIb5hgTj78krqp9XZbYCvFr9N1eUxg0ZQEpiiZ4QvsOQwBpP+lg==

"@esbuild/darwin-x64@0.17.12":
  version "0.17.12"
  resolved "https://registry.yarnpkg.com/@esbuild/darwin-x64/-/darwin-x64-0.17.12.tgz#e7b54bb3f6dc81aadfd0485cd1623c648157e64d"
  integrity sha512-5D48jM3tW27h1qjaD9UNRuN+4v0zvksqZSPZqeSWggfMlsVdAhH3pwSfQIFJwcs9QJ9BRibPS4ViZgs3d2wsCA==

"@esbuild/freebsd-arm64@0.17.12":
  version "0.17.12"
  resolved "https://registry.yarnpkg.com/@esbuild/freebsd-arm64/-/freebsd-arm64-0.17.12.tgz#99a18a8579d6299c449566fe91d9b6a54cf2a591"
  integrity sha512-OWvHzmLNTdF1erSvrfoEBGlN94IE6vCEaGEkEH29uo/VoONqPnoDFfShi41Ew+yKimx4vrmmAJEGNoyyP+OgOQ==

"@esbuild/freebsd-x64@0.17.12":
  version "0.17.12"
  resolved "https://registry.yarnpkg.com/@esbuild/freebsd-x64/-/freebsd-x64-0.17.12.tgz#0e090190fede307fb4022f671791a50dd5121abd"
  integrity sha512-A0Xg5CZv8MU9xh4a+7NUpi5VHBKh1RaGJKqjxe4KG87X+mTjDE6ZvlJqpWoeJxgfXHT7IMP9tDFu7IZ03OtJAw==

"@esbuild/linux-arm64@0.17.12":
  version "0.17.12"
  resolved "https://registry.yarnpkg.com/@esbuild/linux-arm64/-/linux-arm64-0.17.12.tgz#7fe2a69f8a1a7153fa2b0f44aabcadb59475c7e0"
  integrity sha512-cK3AjkEc+8v8YG02hYLQIQlOznW+v9N+OI9BAFuyqkfQFR+DnDLhEM5N8QRxAUz99cJTo1rLNXqRrvY15gbQUg==

"@esbuild/linux-arm@0.17.12":
  version "0.17.12"
  resolved "https://registry.yarnpkg.com/@esbuild/linux-arm/-/linux-arm-0.17.12.tgz#b87c76ebf1fe03e01fd6bb5cfc2f3c5becd5ee93"
  integrity sha512-WsHyJ7b7vzHdJ1fv67Yf++2dz3D726oO3QCu8iNYik4fb5YuuReOI9OtA+n7Mk0xyQivNTPbl181s+5oZ38gyA==

"@esbuild/linux-ia32@0.17.12":
  version "0.17.12"
  resolved "https://registry.yarnpkg.com/@esbuild/linux-ia32/-/linux-ia32-0.17.12.tgz#9e9357090254524d32e6708883a47328f3037858"
  integrity sha512-jdOBXJqcgHlah/nYHnj3Hrnl9l63RjtQ4vn9+bohjQPI2QafASB5MtHAoEv0JQHVb/xYQTFOeuHnNYE1zF7tYw==

"@esbuild/linux-loong64@0.17.12":
  version "0.17.12"
  resolved "https://registry.yarnpkg.com/@esbuild/linux-loong64/-/linux-loong64-0.17.12.tgz#9deb605f9e2c82f59412ddfefb4b6b96d54b5b5b"
  integrity sha512-GTOEtj8h9qPKXCyiBBnHconSCV9LwFyx/gv3Phw0pa25qPYjVuuGZ4Dk14bGCfGX3qKF0+ceeQvwmtI+aYBbVA==

"@esbuild/linux-mips64el@0.17.12":
  version "0.17.12"
  resolved "https://registry.yarnpkg.com/@esbuild/linux-mips64el/-/linux-mips64el-0.17.12.tgz#6ef170b974ddf5e6acdfa5b05f22b6e9dfd2b003"
  integrity sha512-o8CIhfBwKcxmEENOH9RwmUejs5jFiNoDw7YgS0EJTF6kgPgcqLFjgoc5kDey5cMHRVCIWc6kK2ShUePOcc7RbA==

"@esbuild/linux-ppc64@0.17.12":
  version "0.17.12"
  resolved "https://registry.yarnpkg.com/@esbuild/linux-ppc64/-/linux-ppc64-0.17.12.tgz#1638d3d4acf1d34aaf37cf8908c2e1cefed16204"
  integrity sha512-biMLH6NR/GR4z+ap0oJYb877LdBpGac8KfZoEnDiBKd7MD/xt8eaw1SFfYRUeMVx519kVkAOL2GExdFmYnZx3A==

"@esbuild/linux-riscv64@0.17.12":
  version "0.17.12"
  resolved "https://registry.yarnpkg.com/@esbuild/linux-riscv64/-/linux-riscv64-0.17.12.tgz#135b6e9270a8e2de2b9094bb21a287517df520ef"
  integrity sha512-jkphYUiO38wZGeWlfIBMB72auOllNA2sLfiZPGDtOBb1ELN8lmqBrlMiucgL8awBw1zBXN69PmZM6g4yTX84TA==

"@esbuild/linux-s390x@0.17.12":
  version "0.17.12"
  resolved "https://registry.yarnpkg.com/@esbuild/linux-s390x/-/linux-s390x-0.17.12.tgz#21e40830770c5d08368e300842bde382ce97d615"
  integrity sha512-j3ucLdeY9HBcvODhCY4b+Ds3hWGO8t+SAidtmWu/ukfLLG/oYDMaA+dnugTVAg5fnUOGNbIYL9TOjhWgQB8W5g==

"@esbuild/linux-x64@0.17.12":
  version "0.17.12"
  resolved "https://registry.yarnpkg.com/@esbuild/linux-x64/-/linux-x64-0.17.12.tgz#76c1c199871d48e1aaa47a762fb9e0dca52e1f7a"
  integrity sha512-uo5JL3cgaEGotaqSaJdRfFNSCUJOIliKLnDGWaVCgIKkHxwhYMm95pfMbWZ9l7GeW9kDg0tSxcy9NYdEtjwwmA==

"@esbuild/netbsd-x64@0.17.12":
  version "0.17.12"
  resolved "https://registry.yarnpkg.com/@esbuild/netbsd-x64/-/netbsd-x64-0.17.12.tgz#c7c3b3017a4b938c76c35f66af529baf62eac527"
  integrity sha512-DNdoRg8JX+gGsbqt2gPgkgb00mqOgOO27KnrWZtdABl6yWTST30aibGJ6geBq3WM2TIeW6COs5AScnC7GwtGPg==

"@esbuild/openbsd-x64@0.17.12":
  version "0.17.12"
  resolved "https://registry.yarnpkg.com/@esbuild/openbsd-x64/-/openbsd-x64-0.17.12.tgz#05d04217d980e049001afdbeacbb58d31bb5cefb"
  integrity sha512-aVsENlr7B64w8I1lhHShND5o8cW6sB9n9MUtLumFlPhG3elhNWtE7M1TFpj3m7lT3sKQUMkGFjTQBrvDDO1YWA==

"@esbuild/sunos-x64@0.17.12":
  version "0.17.12"
  resolved "https://registry.yarnpkg.com/@esbuild/sunos-x64/-/sunos-x64-0.17.12.tgz#cf3862521600e4eb6c440ec3bad31ed40fb87ef3"
  integrity sha512-qbHGVQdKSwi0JQJuZznS4SyY27tYXYF0mrgthbxXrZI3AHKuRvU+Eqbg/F0rmLDpW/jkIZBlCO1XfHUBMNJ1pg==

"@esbuild/win32-arm64@0.17.12":
  version "0.17.12"
  resolved "https://registry.yarnpkg.com/@esbuild/win32-arm64/-/win32-arm64-0.17.12.tgz#43dd7fb5be77bf12a1550355ab2b123efd60868e"
  integrity sha512-zsCp8Ql+96xXTVTmm6ffvoTSZSV2B/LzzkUXAY33F/76EajNw1m+jZ9zPfNJlJ3Rh4EzOszNDHsmG/fZOhtqDg==

"@esbuild/win32-ia32@0.17.12":
  version "0.17.12"
  resolved "https://registry.yarnpkg.com/@esbuild/win32-ia32/-/win32-ia32-0.17.12.tgz#9940963d0bff4ea3035a84e2b4c6e41c5e6296eb"
  integrity sha512-FfrFjR4id7wcFYOdqbDfDET3tjxCozUgbqdkOABsSFzoZGFC92UK7mg4JKRc/B3NNEf1s2WHxJ7VfTdVDPN3ng==

"@esbuild/win32-x64@0.17.12":
  version "0.17.12"
  resolved "https://registry.yarnpkg.com/@esbuild/win32-x64/-/win32-x64-0.17.12.tgz#3a11d13e9a5b0c05db88991b234d8baba1f96487"
  integrity sha512-JOOxw49BVZx2/5tW3FqkdjSD/5gXYeVGPDcB0lvap0gLQshkh1Nyel1QazC+wNxus3xPlsYAgqU1BUmrmCvWtw==

"@rollup/pluginutils@^4.1.2":
  version "4.2.1"
  resolved "https://registry.yarnpkg.com/@rollup/pluginutils/-/pluginutils-4.2.1.tgz#e6c6c3aba0744edce3fb2074922d3776c0af2a6d"
  integrity sha512-iKnFXr7NkdZAIHiIWE+BX5ULi/ucVFYWD6TbAV+rZctiRTY2PL6tsIKhoIOaoskiWAkgu+VsbXgUVDNLHf+InQ==
  dependencies:
    estree-walker "^2.0.1"
    picomatch "^2.2.2"

"@swc/core-darwin-arm64@1.3.41":
  version "1.3.41"
  resolved "https://registry.yarnpkg.com/@swc/core-darwin-arm64/-/core-darwin-arm64-1.3.41.tgz#c8ec25fb3171e1e53546d0fbf4044c33d5ab42c5"
  integrity sha512-D4fybODToO/BvuP35bionDUrSuTVVr8eW+mApr1unOqb3mfiqOrVv0VP2fpWNRYiA+xMq+oBCB6KcGpL60HKWQ==

"@swc/core-darwin-x64@1.3.41":
  version "1.3.41"
  resolved "https://registry.yarnpkg.com/@swc/core-darwin-x64/-/core-darwin-x64-1.3.41.tgz#0f9d7077762f4274d50a8ef76a56b76096a8f0ff"
  integrity sha512-0RoVyiPCnylf3TG77C3S86PRSmaq+SaYB4VDLJFz3qcEHz1pfP0LhyskhgX4wjQV1mveDzFEn1BVAuo0eOMwZA==

"@swc/core-linux-arm-gnueabihf@1.3.41":
  version "1.3.41"
  resolved "https://registry.yarnpkg.com/@swc/core-linux-arm-gnueabihf/-/core-linux-arm-gnueabihf-1.3.41.tgz#5f6a03c4e8cae674b6262fc0d625379af14985be"
  integrity sha512-mZW7GeY7Uw1nkKoWpx898ou20oCSt8MR+jAVuAhMjX+G4Zr0WWXYSigWNiRymhR6Q9KhyvoFpMckguSvYWmXsw==

"@swc/core-linux-arm64-gnu@1.3.41":
  version "1.3.41"
  resolved "https://registry.yarnpkg.com/@swc/core-linux-arm64-gnu/-/core-linux-arm64-gnu-1.3.41.tgz#e1c0a1669873dbab9ecb9573c2f7dd81b764212e"
  integrity sha512-e91LGn+6KuLFw3sWk5swwGc/dP4tXs0mg3HrhjImRoofU02Bb9aHcj5zgrSO8ZByvDtm/Knn16h1ojxIMOFaxg==

"@swc/core-linux-arm64-musl@1.3.41":
  version "1.3.41"
  resolved "https://registry.yarnpkg.com/@swc/core-linux-arm64-musl/-/core-linux-arm64-musl-1.3.41.tgz#add780ae831a72a65ec799009d0c0e3e78bb969c"
  integrity sha512-Q7hmrniLWsQ7zjtImGcjx1tl5/Qxpel+fC+OXTnGvAyyoGssSftIBlXMnqVLteL78zhxIPAzi+gizWAe5RGqrA==

"@swc/core-linux-x64-gnu@1.3.41":
  version "1.3.41"
  resolved "https://registry.yarnpkg.com/@swc/core-linux-x64-gnu/-/core-linux-x64-gnu-1.3.41.tgz#5b2bf83493e6fa0a58c3fb1815b9e59b923e300f"
  integrity sha512-h4sv1sCfZQgRIwmykz8WPqVpbvHb13Qm3SsrbOudhAp2MuzpWzsgMP5hAEpdCP/nWreiCz3aoM6L8JeakRDq0g==

"@swc/core-linux-x64-musl@1.3.41":
  version "1.3.41"
  resolved "https://registry.yarnpkg.com/@swc/core-linux-x64-musl/-/core-linux-x64-musl-1.3.41.tgz#146547ea3e62466ca971d71ebcc4cfeed3008bda"
  integrity sha512-Z7c26i38378d0NT/dcz8qPSAXm41lqhNzykdhKhI+95mA9m4pskP18T/0I45rmyx1ywifypu+Ip+SXmKeVSPgQ==

"@swc/core-win32-arm64-msvc@1.3.41":
  version "1.3.41"
  resolved "https://registry.yarnpkg.com/@swc/core-win32-arm64-msvc/-/core-win32-arm64-msvc-1.3.41.tgz#91e438c1ca102b52172294905821b43f9d429a32"
  integrity sha512-I0CYnPc+ZGc912YeN0TykIOf/Q7yJQHRwDuhewwD6RkbiSEaVfSux5pAmmdoKw2aGMSq+cwLmgPe9HYLRNz+4w==

"@swc/core-win32-ia32-msvc@1.3.41":
  version "1.3.41"
  resolved "https://registry.yarnpkg.com/@swc/core-win32-ia32-msvc/-/core-win32-ia32-msvc-1.3.41.tgz#77bdb6ab0ae942039756d41300c47315357bd814"
  integrity sha512-EygN4CVDWF29/U2T5fXGfWyLvRbMd2hiUgkciAl7zHuyJ6nKl+kpodqV2A0Wd4sFtSNedU0gQEBEXEe7cqvmsA==

"@swc/core-win32-x64-msvc@1.3.41":
  version "1.3.41"
  resolved "https://registry.yarnpkg.com/@swc/core-win32-x64-msvc/-/core-win32-x64-msvc-1.3.41.tgz#a8d766fc7a68752a3060276a90b7328d9f266631"
  integrity sha512-Mfp8qD1hNwWWRy0ISdwQJu1g0UYoVTtuQlO0z3aGbXqL51ew9e56+8j3M1U9i95lXFyWkARgjDCcKkQi+WezyA==

"@swc/core@^1.3.35":
  version "1.3.41"
  resolved "https://registry.yarnpkg.com/@swc/core/-/core-1.3.41.tgz#8f10559db269da1a5df9863c92653f8afd0bd7c1"
  integrity sha512-v6P2dfqJDpZ/7RXPvWge9oI6YgolDM0jtNhQZ2qdXrLBzaWQdDoBGBTJ8KN/nTgGhX3IkNvSB1fafXQ+nVnqAQ==
  optionalDependencies:
    "@swc/core-darwin-arm64" "1.3.41"
    "@swc/core-darwin-x64" "1.3.41"
    "@swc/core-linux-arm-gnueabihf" "1.3.41"
    "@swc/core-linux-arm64-gnu" "1.3.41"
    "@swc/core-linux-arm64-musl" "1.3.41"
    "@swc/core-linux-x64-gnu" "1.3.41"
    "@swc/core-linux-x64-musl" "1.3.41"
    "@swc/core-win32-arm64-msvc" "1.3.41"
    "@swc/core-win32-ia32-msvc" "1.3.41"
    "@swc/core-win32-x64-msvc" "1.3.41"

"@types/node@^18.15.5":
  version "18.15.5"
  resolved "https://registry.yarnpkg.com/@types/node/-/node-18.15.5.tgz#3af577099a99c61479149b716183e70b5239324a"
  integrity sha512-Ark2WDjjZO7GmvsyFFf81MXuGTA/d6oP38anyxWOL6EREyBKAxKoFHwBhaZxCfLRLpO8JgVXwqOwSwa7jRcjew==

"@types/prop-types@*":
  version "15.7.5"
  resolved "https://registry.yarnpkg.com/@types/prop-types/-/prop-types-15.7.5.tgz#5f19d2b85a98e9558036f6a3cacc8819420f05cf"
  integrity sha512-JCB8C6SnDoQf0cNycqd/35A7MjcnK+ZTqE7judS6o7utxUCg6imJg3QK2qzHKszlTjcj2cn+NwMB2i96ubpj7w==

"@types/react-dom@^18.0.11":
  version "18.0.11"
  resolved "https://registry.yarnpkg.com/@types/react-dom/-/react-dom-18.0.11.tgz#321351c1459bc9ca3d216aefc8a167beec334e33"
  integrity sha512-O38bPbI2CWtgw/OoQoY+BRelw7uysmXbWvw3nLWO21H1HSh+GOlqPuXshJfjmpNlKiiSDG9cc1JZAaMmVdcTlw==
  dependencies:
    "@types/react" "*"

"@types/react@*", "@types/react@^18.0.28":
  version "18.0.28"
  resolved "https://registry.yarnpkg.com/@types/react/-/react-18.0.28.tgz#accaeb8b86f4908057ad629a26635fe641480065"
  integrity sha512-RD0ivG1kEztNBdoAK7lekI9M+azSnitIn85h4iOiaLjaTrMjzslhaqCGaI4IyCJ1RljWiLCEu4jyrLLgqxBTew==
  dependencies:
    "@types/prop-types" "*"
    "@types/scheduler" "*"
    csstype "^3.0.2"

"@types/scheduler@*":
  version "0.16.2"
  resolved "https://registry.yarnpkg.com/@types/scheduler/-/scheduler-0.16.2.tgz#1a62f89525723dde24ba1b01b092bf5df8ad4d39"
  integrity sha512-hppQEBDmlwhFAXKJX2KnWLYu5yMfi91yazPb2l+lbJiwW+wdo1gNeRA+3RgNSO39WYX2euey41KEwnqesU2Jew==

"@vitejs/plugin-react-swc@^3.0.0":
  version "3.2.0"
  resolved "https://registry.yarnpkg.com/@vitejs/plugin-react-swc/-/plugin-react-swc-3.2.0.tgz#7c4f6e116a296c27f680d05750f9dbf798cf7709"
  integrity sha512-IcBoXL/mcH7JdQr/nfDlDwTdIaH8Rg7LpfQDF4nAht+juHWIuv6WhpKPCSfY4+zztAaB07qdBoFz1XCZsgo3pQ==
  dependencies:
    "@swc/core" "^1.3.35"

commondir@^1.0.1:
  version "1.0.1"
  resolved "https://registry.yarnpkg.com/commondir/-/commondir-1.0.1.tgz#ddd800da0c66127393cca5950ea968a3aaf1253b"
  integrity sha512-W9pAhw0ja1Edb5GVdIF1mjZw/ASI0AlShXM83UUGe2DVr5TdAPEA1OA8m/g8zWp9x6On7gqufY+FatDbC3MDQg==

csstype@^3.0.2:
  version "3.1.1"
  resolved "https://registry.yarnpkg.com/csstype/-/csstype-3.1.1.tgz#841b532c45c758ee546a11d5bd7b7b473c8c30b9"
  integrity sha512-DJR/VvkAvSZW9bTouZue2sSxDwdTN92uHjqeKVm+0dAqdfNykRzQ95tay8aXMBAAPpUiq4Qcug2L7neoRh2Egw==

esbuild@^0.17.5:
  version "0.17.12"
  resolved "https://registry.yarnpkg.com/esbuild/-/esbuild-0.17.12.tgz#2ad7523bf1bc01881e9d904bc04e693bd3bdcf2f"
  integrity sha512-bX/zHl7Gn2CpQwcMtRogTTBf9l1nl+H6R8nUbjk+RuKqAE3+8FDulLA+pHvX7aA7Xe07Iwa+CWvy9I8Y2qqPKQ==
  optionalDependencies:
    "@esbuild/android-arm" "0.17.12"
    "@esbuild/android-arm64" "0.17.12"
    "@esbuild/android-x64" "0.17.12"
    "@esbuild/darwin-arm64" "0.17.12"
    "@esbuild/darwin-x64" "0.17.12"
    "@esbuild/freebsd-arm64" "0.17.12"
    "@esbuild/freebsd-x64" "0.17.12"
    "@esbuild/linux-arm" "0.17.12"
    "@esbuild/linux-arm64" "0.17.12"
    "@esbuild/linux-ia32" "0.17.12"
    "@esbuild/linux-loong64" "0.17.12"
    "@esbuild/linux-mips64el" "0.17.12"
    "@esbuild/linux-ppc64" "0.17.12"
    "@esbuild/linux-riscv64" "0.17.12"
    "@esbuild/linux-s390x" "0.17.12"
    "@esbuild/linux-x64" "0.17.12"
    "@esbuild/netbsd-x64" "0.17.12"
    "@esbuild/openbsd-x64" "0.17.12"
    "@esbuild/sunos-x64" "0.17.12"
    "@esbuild/win32-arm64" "0.17.12"
    "@esbuild/win32-ia32" "0.17.12"
    "@esbuild/win32-x64" "0.17.12"

estree-walker@^2.0.1:
  version "2.0.2"
  resolved "https://registry.yarnpkg.com/estree-walker/-/estree-walker-2.0.2.tgz#52f010178c2a4c117a7757cfe942adb7d2da4cac"
  integrity sha512-Rfkk/Mp/DL7JVje3u18FxFujQlTNR2q6QfMSMB7AvCBx91NGj/ba3kCfza0f6dVDbw7YlRf/nDrn7pQrCCyQ/w==

find-cache-dir@^3.3.2:
  version "3.3.2"
  resolved "https://registry.yarnpkg.com/find-cache-dir/-/find-cache-dir-3.3.2.tgz#b30c5b6eff0730731aea9bbd9dbecbd80256d64b"
  integrity sha512-wXZV5emFEjrridIgED11OoUKLxiYjAcqot/NJdAkOhlJ+vGzwhOAfcG5OX1jP+S0PcjEn8bdMJv+g2jwQ3Onig==
  dependencies:
    commondir "^1.0.1"
    make-dir "^3.0.2"
    pkg-dir "^4.1.0"

find-up@^4.0.0:
  version "4.1.0"
  resolved "https://registry.yarnpkg.com/find-up/-/find-up-4.1.0.tgz#97afe7d6cdc0bc5928584b7c8d7b16e8a9aa5d19"
  integrity sha512-PpOwAdQ/YlXQ2vj8a3h8IipDuYRi3wceVQQGYWxNINccq40Anw7BlsEXCMbt1Zt+OLA6Fq9suIpIWD0OsnISlw==
  dependencies:
    locate-path "^5.0.0"
    path-exists "^4.0.0"

fs-extra@^10.0.0:
  version "10.1.0"
  resolved "https://registry.yarnpkg.com/fs-extra/-/fs-extra-10.1.0.tgz#02873cfbc4084dde127eaa5f9905eef2325d1abf"
  integrity sha512-oRXApq54ETRj4eMiFzGnHWGy+zo5raudjuxN0b8H7s/RU2oW0Wvsx9O0ACRN/kRq9E8Vu/ReskGB5o3ji+FzHQ==
  dependencies:
    graceful-fs "^4.2.0"
    jsonfile "^6.0.1"
    universalify "^2.0.0"

fsevents@~2.3.2:
  version "2.3.2"
  resolved "https://registry.yarnpkg.com/fsevents/-/fsevents-2.3.2.tgz#8a526f78b8fdf4623b709e0b975c52c24c02fd1a"
  integrity sha512-xiqMQR4xAeHTuB9uWm+fFRcIOgKBMiOBP+eXiyT7jsgVCq1bkVygt00oASowB7EdtpOHaaPgKt812P9ab+DDKA==

function-bind@^1.1.1:
  version "1.1.1"
  resolved "https://registry.yarnpkg.com/function-bind/-/function-bind-1.1.1.tgz#a56899d3ea3c9bab874bb9773b7c5ede92f4895d"
  integrity sha512-yIovAzMX49sF8Yl58fSCWJ5svSLuaibPxXQJFLmBObTuCr0Mf1KiPopGM9NiFjiYBCbfaa2Fh6breQ6ANVTI0A==

graceful-fs@^4.1.6, graceful-fs@^4.2.0:
  version "4.2.11"
  resolved "https://registry.yarnpkg.com/graceful-fs/-/graceful-fs-4.2.11.tgz#4183e4e8bf08bb6e05bbb2f7d2e0c8f712ca40e3"
  integrity sha512-RbJ5/jmFcNNCcDV5o9eTnBLJ/HszWV0P73bc+Ff4nS/rJj+YaS6IGyiOL0VoBYX+l1Wrl3k63h/KrH+nhJ0XvQ==

has@^1.0.3:
  version "1.0.3"
  resolved "https://registry.yarnpkg.com/has/-/has-1.0.3.tgz#722d7cbfc1f6aa8241f16dd814e011e1f41e8796"
  integrity sha512-f2dvO0VU6Oej7RkWJGrehjbzMAjFp5/VKPp5tTpWIV4JHHZK1/BxbFRtf/siA2SWTe09caDmVtYYzWEIbBS4zw==
  dependencies:
    function-bind "^1.1.1"

is-core-module@^2.9.0:
  version "2.11.0"
  resolved "https://registry.yarnpkg.com/is-core-module/-/is-core-module-2.11.0.tgz#ad4cb3e3863e814523c96f3f58d26cc570ff0144"
  integrity sha512-RRjxlvLDkD1YJwDbroBHMb+cukurkDWNyHx7D3oNB5x9rb5ogcksMC5wHCadcXoo67gVr/+3GFySh3134zi6rw==
  dependencies:
    has "^1.0.3"

"js-tokens@^3.0.0 || ^4.0.0":
  version "4.0.0"
  resolved "https://registry.yarnpkg.com/js-tokens/-/js-tokens-4.0.0.tgz#19203fb59991df98e3a287050d4647cdeaf32499"
  integrity sha512-RdJUflcE3cUzKiMqQgsCu06FPu9UdIJO0beYbPhHN4k6apgJtifcoCtT9bcxOpYBtpD2kCM6Sbzg4CausW/PKQ==

jsonfile@^6.0.1:
  version "6.1.0"
  resolved "https://registry.yarnpkg.com/jsonfile/-/jsonfile-6.1.0.tgz#bc55b2634793c679ec6403094eb13698a6ec0aae"
  integrity sha512-5dgndWOriYSm5cnYaJNhalLNDKOqFwyDB/rr1E9ZsGciGvKPs8R2xYGCacuf3z6K1YKDz182fd+fY3cn3pMqXQ==
  dependencies:
    universalify "^2.0.0"
  optionalDependencies:
    graceful-fs "^4.1.6"

locate-path@^5.0.0:
  version "5.0.0"
  resolved "https://registry.yarnpkg.com/locate-path/-/locate-path-5.0.0.tgz#1afba396afd676a6d42504d0a67a3a7eb9f62aa0"
  integrity sha512-t7hw9pI+WvuwNJXwk5zVHpyhIqzg2qTlklJOf0mVxGSbe3Fp2VieZcduNYjaLDoy6p9uGpQEGWG87WpMKlNq8g==
  dependencies:
    p-locate "^4.1.0"

loose-envify@^1.1.0:
  version "1.4.0"
  resolved "https://registry.yarnpkg.com/loose-envify/-/loose-envify-1.4.0.tgz#71ee51fa7be4caec1a63839f7e682d8132d30caf"
  integrity sha512-lyuxPGr/Wfhrlem2CL/UcnUc1zcqKAImBDzukY7Y5F/yQiNdko6+fRLevlw1HgMySw7f611UIY408EtxRSoK3Q==
  dependencies:
    js-tokens "^3.0.0 || ^4.0.0"

lru-cache@^6.0.0:
  version "6.0.0"
  resolved "https://registry.yarnpkg.com/lru-cache/-/lru-cache-6.0.0.tgz#6d6fe6570ebd96aaf90fcad1dafa3b2566db3a94"
  integrity sha512-Jo6dJ04CmSjuznwJSS3pUeWmd/H0ffTlkXXgwZi+eq1UCmqQwCh+eLsYOYCwY991i2Fah4h1BEMCx4qThGbsiA==
  dependencies:
    yallist "^4.0.0"

make-dir@^3.0.2:
  version "3.1.0"
  resolved "https://registry.yarnpkg.com/make-dir/-/make-dir-3.1.0.tgz#415e967046b3a7f1d185277d84aa58203726a13f"
  integrity sha512-g3FeP20LNwhALb/6Cz6Dd4F2ngze0jz7tbzrD2wAV+o9FeNHe4rL+yK2md0J/fiSf1sa1ADhXqi5+oVwOM/eGw==
  dependencies:
    semver "^6.0.0"

nanoid@^3.3.4:
  version "3.3.4"
  resolved "https://registry.yarnpkg.com/nanoid/-/nanoid-3.3.4.tgz#730b67e3cd09e2deacf03c027c81c9d9dbc5e8ab"
  integrity sha512-MqBkQh/OHTS2egovRtLk45wEyNXwF+cokD+1YPf9u5VfJiRdAiRwB2froX5Co9Rh20xs4siNPm8naNotSD6RBw==

p-limit@^2.2.0:
  version "2.3.0"
  resolved "https://registry.yarnpkg.com/p-limit/-/p-limit-2.3.0.tgz#3dd33c647a214fdfffd835933eb086da0dc21db1"
  integrity sha512-//88mFWSJx8lxCzwdAABTJL2MyWB12+eIY7MDL2SqLmAkeKU9qxRvWuSyTjm3FUmpBEMuFfckAIqEaVGUDxb6w==
  dependencies:
    p-try "^2.0.0"

p-locate@^4.1.0:
  version "4.1.0"
  resolved "https://registry.yarnpkg.com/p-locate/-/p-locate-4.1.0.tgz#a3428bb7088b3a60292f66919278b7c297ad4f07"
  integrity sha512-R79ZZ/0wAxKGu3oYMlz8jy/kbhsNrS7SKZ7PxEHBgJ5+F2mtFW2fK2cOtBh1cHYkQsbzFV7I+EoRKe6Yt0oK7A==
  dependencies:
    p-limit "^2.2.0"

p-try@^2.0.0:
  version "2.2.0"
  resolved "https://registry.yarnpkg.com/p-try/-/p-try-2.2.0.tgz#cb2868540e313d61de58fafbe35ce9004d5540e6"
  integrity sha512-R4nPAVTAU0B9D35/Gk3uJf/7XYbQcyohSKdvAxIRSNghFl4e71hVoGnBNQz9cWaXxO2I10KTC+3jMdvvoKw6dQ==

path-exists@^4.0.0:
  version "4.0.0"
  resolved "https://registry.yarnpkg.com/path-exists/-/path-exists-4.0.0.tgz#513bdbe2d3b95d7762e8c1137efa195c6c61b5b3"
  integrity sha512-ak9Qy5Q7jYb2Wwcey5Fpvg2KoAc/ZIhLSLOSBmRmygPsGwkVVt0fZa0qrtMz+m6tJTAHfZQ8FnmB4MG4LWy7/w==

path-parse@^1.0.7:
  version "1.0.7"
  resolved "https://registry.yarnpkg.com/path-parse/-/path-parse-1.0.7.tgz#fbc114b60ca42b30d9daf5858e4bd68bbedb6735"
  integrity sha512-LDJzPVEEEPR+y48z93A0Ed0yXb8pAByGWo/k5YYdYgpY2/2EsOsksJrq7lOHxryrVOn1ejG6oAp8ahvOIQD8sw==

picocolors@^1.0.0:
  version "1.0.0"
  resolved "https://registry.yarnpkg.com/picocolors/-/picocolors-1.0.0.tgz#cb5bdc74ff3f51892236eaf79d68bc44564ab81c"
  integrity sha512-1fygroTLlHu66zi26VoTDv8yRgm0Fccecssto+MhsZ0D/DGW2sm8E8AjW7NU5VVTRt5GxbeZ5qBuJr+HyLYkjQ==

picomatch@^2.2.2:
  version "2.3.1"
  resolved "https://registry.yarnpkg.com/picomatch/-/picomatch-2.3.1.tgz#3ba3833733646d9d3e4995946c1365a67fb07a42"
  integrity sha512-JU3teHTNjmE2VCGFzuY8EXzCDVwEqB2a8fsIvwaStHhAWJEeVd1o1QD80CU6+ZdEXXSLbSsuLwJjkCBWqRQUVA==

pkg-dir@^4.1.0:
  version "4.2.0"
  resolved "https://registry.yarnpkg.com/pkg-dir/-/pkg-dir-4.2.0.tgz#f099133df7ede422e81d1d8448270eeb3e4261f3"
  integrity sha512-HRDzbaKjC+AOWVXxAU/x54COGeIv9eb+6CkDSQoNTt4XyWoIJvuPsXizxu/Fr23EiekbtZwmh1IcIG/l/a10GQ==
  dependencies:
    find-up "^4.0.0"

postcss@^8.4.21:
  version "8.4.21"
  resolved "https://registry.yarnpkg.com/postcss/-/postcss-8.4.21.tgz#c639b719a57efc3187b13a1d765675485f4134f4"
  integrity sha512-tP7u/Sn/dVxK2NnruI4H9BG+x+Wxz6oeZ1cJ8P6G/PZY0IKk4k/63TDsQf2kQq3+qoJeLm2kIBUNlZe3zgb4Zg==
  dependencies:
    nanoid "^3.3.4"
    picocolors "^1.0.0"
    source-map-js "^1.0.2"

react-dom@^18.2.0:
  version "18.2.0"
  resolved "https://registry.yarnpkg.com/react-dom/-/react-dom-18.2.0.tgz#22aaf38708db2674ed9ada224ca4aa708d821e3d"
  integrity sha512-6IMTriUmvsjHUjNtEDudZfuDQUoWXVxKHhlEGSk81n4YFS+r/Kl99wXiwlVXtPBtJenozv2P+hxDsw9eA7Xo6g==
  dependencies:
    loose-envify "^1.1.0"
    scheduler "^0.23.0"

react@^18.2.0:
  version "18.2.0"
  resolved "https://registry.yarnpkg.com/react/-/react-18.2.0.tgz#555bd98592883255fa00de14f1151a917b5d77d5"
  integrity sha512-/3IjMdb2L9QbBdWiW5e3P2/npwMBaU9mHCSCUzNln0ZCYbcfTsGbTJrU/kGemdH2IWmB2ioZ+zkxtmq6g09fGQ==
  dependencies:
    loose-envify "^1.1.0"

resolve@^1.22.1:
  version "1.22.1"
  resolved "https://registry.yarnpkg.com/resolve/-/resolve-1.22.1.tgz#27cb2ebb53f91abb49470a928bba7558066ac177"
  integrity sha512-nBpuuYuY5jFsli/JIs1oldw6fOQCBioohqWZg/2hiaOybXOft4lonv85uDOKXdf8rhyK159cxU5cDcK/NKk8zw==
  dependencies:
    is-core-module "^2.9.0"
    path-parse "^1.0.7"
    supports-preserve-symlinks-flag "^1.0.0"

rollup-plugin-typescript2@^0.34.1:
  version "0.34.1"
  resolved "https://registry.yarnpkg.com/rollup-plugin-typescript2/-/rollup-plugin-typescript2-0.34.1.tgz#c457f155a71d133c142689213fce78694e30d0be"
  integrity sha512-P4cHLtGikESmqi1CA+tdMDUv8WbQV48mzPYt77TSTOPJpERyZ9TXdDgjSDix8Fkqce6soYz3+fa4lrC93IEkcw==
  dependencies:
    "@rollup/pluginutils" "^4.1.2"
    find-cache-dir "^3.3.2"
    fs-extra "^10.0.0"
    semver "^7.3.7"
    tslib "^2.4.0"

rollup@^3.18.0:
  version "3.20.0"
  resolved "https://registry.yarnpkg.com/rollup/-/rollup-3.20.0.tgz#ce7bd88449a776b9f75bf4e35959e25fbd3f51b1"
  integrity sha512-YsIfrk80NqUDrxrjWPXUa7PWvAfegZEXHuPsEZg58fGCdjL1I9C1i/NaG+L+27kxxwkrG/QEDEQc8s/ynXWWGQ==
  optionalDependencies:
    fsevents "~2.3.2"

scheduler@^0.23.0:
  version "0.23.0"
  resolved "https://registry.yarnpkg.com/scheduler/-/scheduler-0.23.0.tgz#ba8041afc3d30eb206a487b6b384002e4e61fdfe"
  integrity sha512-CtuThmgHNg7zIZWAXi3AsyIzA3n4xx7aNyjwC2VJldO2LMVDhFK+63xGqq6CsJH4rTAt6/M+N4GhZiDYPx9eUw==
  dependencies:
    loose-envify "^1.1.0"

semver@^6.0.0:
  version "6.3.0"
  resolved "https://registry.yarnpkg.com/semver/-/semver-6.3.0.tgz#ee0a64c8af5e8ceea67687b133761e1becbd1d3d"
  integrity sha512-b39TBaTSfV6yBrapU89p5fKekE2m/NwnDocOVruQFS1/veMgdzuPcnOM34M6CwxW8jH/lxEa5rBoDeUwu5HHTw==

semver@^7.3.7:
  version "7.3.8"
  resolved "https://registry.yarnpkg.com/semver/-/semver-7.3.8.tgz#07a78feafb3f7b32347d725e33de7e2a2df67798"
  integrity sha512-NB1ctGL5rlHrPJtFDVIVzTyQylMLu9N9VICA6HSFJo8MCGVTMW6gfpicwKmmK/dAjTOrqu5l63JJOpDSrAis3A==
  dependencies:
    lru-cache "^6.0.0"

source-map-js@^1.0.2:
  version "1.0.2"
  resolved "https://registry.yarnpkg.com/source-map-js/-/source-map-js-1.0.2.tgz#adbc361d9c62df380125e7f161f71c826f1e490c"
  integrity sha512-R0XvVJ9WusLiqTCEiGCmICCMplcCkIwwR11mOSD9CR5u+IXYdiseeEuXCVAjS54zqwkLcPNnmU4OeJ6tUrWhDw==

supports-preserve-symlinks-flag@^1.0.0:
  version "1.0.0"
  resolved "https://registry.yarnpkg.com/supports-preserve-symlinks-flag/-/supports-preserve-symlinks-flag-1.0.0.tgz#6eda4bd344a3c94aea376d4cc31bc77311039e09"
  integrity sha512-ot0WnXS9fgdkgIcePe6RHNk1WA8+muPa6cSjeR3V8K27q9BB1rTE3R1p7Hv0z1ZyAc8s6Vvv8DIyWf681MAt0w==

tslib@^2.4.0:
  version "2.5.0"
  resolved "https://registry.yarnpkg.com/tslib/-/tslib-2.5.0.tgz#42bfed86f5787aeb41d031866c8f402429e0fddf"
  integrity sha512-336iVw3rtn2BUK7ORdIAHTyxHGRIHVReokCR3XjbckJMK7ms8FysBfhLR8IXnAgy7T0PTPNBWKiH514FOW/WSg==

typescript@^5.0.2:
  version "5.0.2"
  resolved "https://registry.yarnpkg.com/typescript/-/typescript-5.0.2.tgz#891e1a90c5189d8506af64b9ef929fca99ba1ee5"
  integrity sha512-wVORMBGO/FAs/++blGNeAVdbNKtIh1rbBL2EyQ1+J9lClJ93KiiKe8PmFIVdXhHcyv44SL9oglmfeSsndo0jRw==

universalify@^2.0.0:
  version "2.0.0"
  resolved "https://registry.yarnpkg.com/universalify/-/universalify-2.0.0.tgz#75a4984efedc4b08975c5aeb73f530d02df25717"
  integrity sha512-hAZsKq7Yy11Zu1DE0OzWjw7nnLZmJZYTDZZyEFHZdUhV8FkH5MCfoU1XMaxXovpyW5nq5scPqq0ZDP9Zyl04oQ==

vite@^4.2.0:
  version "4.2.1"
  resolved "https://registry.yarnpkg.com/vite/-/vite-4.2.1.tgz#6c2eb337b0dfd80a9ded5922163b94949d7fc254"
  integrity sha512-7MKhqdy0ISo4wnvwtqZkjke6XN4taqQ2TBaTccLIpOKv7Vp2h4Y+NpmWCnGDeSvvn45KxvWgGyb0MkHvY1vgbg==
  dependencies:
    esbuild "^0.17.5"
    postcss "^8.4.21"
    resolve "^1.22.1"
    rollup "^3.18.0"
  optionalDependencies:
    fsevents "~2.3.2"

yallist@^4.0.0:
  version "4.0.0"
  resolved "https://registry.yarnpkg.com/yallist/-/yallist-4.0.0.tgz#9bb92790d9c0effec63be73519e11a35019a3a72"
  integrity sha512-3wdGidZyq5PB084XLES5TpOSRA3wjXAlIWMhum2kRcv/41Sn2emQ0dycQW4uZXLejwKvg6EsvbdlVL+FYEct7A==
